// !$*UTF8*$!
{
	archiveVersion = 1;
	classes = {
	};
	objectVersion = 46;
	objects = {

/* Begin PBXBuildFile section */
		CCDA02461D5DB1F20077C59B /* main.m in Sources */ = {isa = PBXBuildFile; fileRef = CCDA02451D5DB1F20077C59B /* main.m */; };
		CCDA02491D5DB1F20077C59B /* AppDelegate.m in Sources */ = {isa = PBXBuildFile; fileRef = CCDA02481D5DB1F20077C59B /* AppDelegate.m */; };
		CCDA024C1D5DB1F20077C59B /* ViewController.m in Sources */ = {isa = PBXBuildFile; fileRef = CCDA024B1D5DB1F20077C59B /* ViewController.m */; };
		CCDA024F1D5DB1F20077C59B /* Main.storyboard in Resources */ = {isa = PBXBuildFile; fileRef = CCDA024D1D5DB1F20077C59B /* Main.storyboard */; };
		CCDA02511D5DB1F20077C59B /* Assets.xcassets in Resources */ = {isa = PBXBuildFile; fileRef = CCDA02501D5DB1F20077C59B /* Assets.xcassets */; };
		CCDA02541D5DB1F20077C59B /* LaunchScreen.storyboard in Resources */ = {isa = PBXBuildFile; fileRef = CCDA02521D5DB1F20077C59B /* LaunchScreen.storyboard */; };
		CCDA025C1D5DB4360077C59B /* dorayo.jpeg in Resources */ = {isa = PBXBuildFile; fileRef = CCDA025B1D5DB4360077C59B /* dorayo.jpeg */; };
/* End PBXBuildFile section */

/* Begin PBXFileReference section */
		CCDA02411D5DB1F20077C59B /* 07绘制图片.app */ = {isa = PBXFileReference; explicitFileType = wrapper.application; includeInIndex = 0; path = "07绘制图片.app"; sourceTree = BUILT_PRODUCTS_DIR; };
		CCDA02451D5DB1F20077C59B /* main.m */ = {isa = PBXFileReference; lastKnownFileType = sourcecode.c.objc; path = main.m; sourceTree = "<group>"; };
		CCDA02471D5DB1F20077C59B /* AppDelegate.h */ = {isa = PBXFileReference; lastKnownFileType = sourcecode.c.h; path = AppDelegate.h; sourceTree = "<group>"; };
		CCDA02481D5DB1F20077C59B /* AppDelegate.m */ = {isa = PBXFileReference; lastKnownFileType = sourcecode.c.objc; path = AppDelegate.m; sourceTree = "<group>"; };
		CCDA024A1D5DB1F20077C59B /* ViewController.h */ = {isa = PBXFileReference; lastKnownFileType = sourcecode.c.h; path = ViewController.h; sourceTree = "<group>"; };
		CCDA024B1D5DB1F20077C59B /* ViewController.m */ = {isa = PBXFileReference; lastKnownFileType = sourcecode.c.objc; path = ViewController.m; sourceTree = "<group>"; };
		CCDA024E1D5DB1F20077C59B /* Base */ = {isa = PBXFileReference; lastKnownFileType = file.storyboard; name = Base; path = Base.lproj/Main.storyboard; sourceTree = "<group>"; };
		CCDA02501D5DB1F20077C59B /* Assets.xcassets */ = {isa = PBXFileReference; lastKnownFileType = folder.assetcatalog; path = Assets.xcassets; sourceTree = "<group>"; };
		CCDA02531D5DB1F20077C59B /* Base */ = {isa = PBXFileReference; lastKnownFileType = file.storyboard; name = Base; path = Base.lproj/LaunchScreen.storyboard; sourceTree = "<group>"; };
		CCDA02551D5DB1F20077C59B /* Info.plist */ = {isa = PBXFileReference; lastKnownFileType = text.plist.xml; path = Info.plist; sourceTree = "<group>"; };
		CCDA025B1D5DB4360077C59B /* dorayo.jpeg */ = {isa = PBXFileReference; lastKnownFileType = image.jpeg; path = dorayo.jpeg; sourceTree = "<group>"; };
/* End PBXFileReference section */

/* Begin PBXFrameworksBuildPhase section */
		CCDA023E1D5DB1F20077C59B /* Frameworks */ = {
			isa = PBXFrameworksBuildPhase;
			buildActionMask = 2147483647;
			files = (
			);
			runOnlyForDeploymentPostprocessing = 0;
		};
/* End PBXFrameworksBuildPhase section */

/* Begin PBXGroup section */
		CCDA02381D5DB1F20077C59B = {
			isa = PBXGroup;
			children = (
				CCDA02431D5DB1F20077C59B /* 07绘制图片 */,
				CCDA02421D5DB1F20077C59B /* Products */,
			);
			sourceTree = "<group>";
		};
		CCDA02421D5DB1F20077C59B /* Products */ = {
			isa = PBXGroup;
			children = (
				CCDA02411D5DB1F20077C59B /* 07绘制图片.app */,
			);
			name = Products;
			sourceTree = "<group>";
		};
		CCDA02431D5DB1F20077C59B /* 07绘制图片 */ = {
			isa = PBXGroup;
			children = (
				CCDA025B1D5DB4360077C59B /* dorayo.jpeg */,
				CCDA02471D5DB1F20077C59B /* AppDelegate.h */,
				CCDA02481D5DB1F20077C59B /* AppDelegate.m */,
				CCDA024A1D5DB1F20077C59B /* ViewController.h */,
				CCDA024B1D5DB1F20077C59B /* ViewController.m */,
				CCDA024D1D5DB1F20077C59B /* Main.storyboard */,
				CCDA02501D5DB1F20077C59B /* Assets.xcassets */,
				CCDA02521D5DB1F20077C59B /* LaunchScreen.storyboard */,
				CCDA02551D5DB1F20077C59B /* Info.plist */,
				CCDA02441D5DB1F20077C59B /* Supporting Files */,
			);
			path = "07绘制图片";
			sourceTree = "<group>";
		};
		CCDA02441D5DB1F20077C59B /* Supporting Files */ = {
			isa = PBXGroup;
			children = (
				CCDA02451D5DB1F20077C59B /* main.m */,
			);
			name = "Supporting Files";
			sourceTree = "<group>";
		};
/* End PBXGroup section */

/* Begin PBXNativeTarget section */
		CCDA02401D5DB1F20077C59B /* 07绘制图片 */ = {
			isa = PBXNativeTarget;
			buildConfigurationList = CCDA02581D5DB1F20077C59B /* Build configuration list for PBXNativeTarget "07绘制图片" */;
			buildPhases = (
				CCDA023D1D5DB1F20077C59B /* Sources */,
				CCDA023E1D5DB1F20077C59B /* Frameworks */,
				CCDA023F1D5DB1F20077C59B /* Resources */,
			);
			buildRules = (
			);
			dependencies = (
			);
			name = "07绘制图片";
			productName = "07绘制图片";
			productReference = CCDA02411D5DB1F20077C59B /* 07绘制图片.app */;
			productType = "com.apple.product-type.application";
		};
/* End PBXNativeTarget section */

/* Begin PBXProject section */
		CCDA02391D5DB1F20077C59B /* Project object */ = {
			isa = PBXProject;
			attributes = {
				LastUpgradeCheck = 0730;
				ORGANIZATIONNAME = QingYun;
				TargetAttributes = {
					CCDA02401D5DB1F20077C59B = {
						CreatedOnToolsVersion = 7.3;
					};
				};
			};
			buildConfigurationList = CCDA023C1D5DB1F20077C59B /* Build configuration list for PBXProject "07绘制图片" */;
			compatibilityVersion = "Xcode 3.2";
			developmentRegion = English;
			hasScannedForEncodings = 0;
			knownRegions = (
				en,
				Base,
			);
			mainGroup = CCDA02381D5DB1F20077C59B;
			productRefGroup = CCDA02421D5DB1F20077C59B /* Products */;
			projectDirPath = "";
			projectRoot = "";
			targets = (
				CCDA02401D5DB1F20077C59B /* 07绘制图片 */,
			);
		};
/* End PBXProject section */

/* Begin PBXResourcesBuildPhase section */
		CCDA023F1D5DB1F20077C59B /* Resources */ = {
			isa = PBXResourcesBuildPhase;
			buildActionMask = 2147483647;
			files = (
				CCDA02541D5DB1F20077C59B /* LaunchScreen.storyboard in Resources */,
				CCDA025C1D5DB4360077C59B /* dorayo.jpeg in Resources */,
				CCDA02511D5DB1F20077C59B /* Assets.xcassets in Resources */,
				CCDA024F1D5DB1F20077C59B /* Main.storyboard in Resources */,
			);
			runOnlyForDeploymentPostprocessing = 0;
		};
/* End PBXResourcesBuildPhase section */

/* Begin PBXSourcesBuildPhase section */
		CCDA023D1D5DB1F20077C59B /* Sources */ = {
			isa = PBXSourcesBuildPhase;
			buildActionMask = 2147483647;
			files = (
				CCDA024C1D5DB1F20077C59B /* ViewController.m in Sources */,
				CCDA02491D5DB1F20077C59B /* AppDelegate.m in Sources */,
				CCDA02461D5DB1F20077C59B /* main.m in Sources */,
			);
			runOnlyForDeploymentPostprocessing = 0;
		};
/* End PBXSourcesBuildPhase section */

/* Begin PBXVariantGroup section */
		CCDA024D1D5DB1F20077C59B /* Main.storyboard */ = {
			isa = PBXVariantGroup;
			children = (
				CCDA024E1D5DB1F20077C59B /* Base */,
			);
			name = Main.storyboard;
			sourceTree = "<group>";
		};
		CCDA02521D5DB1F20077C59B /* LaunchScreen.storyboard */ = {
			isa = PBXVariantGroup;
			children = (
				CCDA02531D5DB1F20077C59B /* Base */,
			);
			name = LaunchScreen.storyboard;
			sourceTree = "<group>";
		};
/* End PBXVariantGroup section */

/* Begin XCBuildConfiguration section */
		CCDA02561D5DB1F20077C59B /* Debug */ = {
			isa = XCBuildConfiguration;
			buildSettings = {
				ALWAYS_SEARCH_USER_PATHS = NO;
				CLANG_ANALYZER_NONNULL = YES;
				CLANG_CXX_LANGUAGE_STANDARD = "gnu++0x";
				CLANG_CXX_LIBRARY = "libc++";
				CLANG_ENABLE_MODULES = YES;
				CLANG_ENABLE_OBJC_ARC = YES;
				CLANG_WARN_BOOL_CONVERSION = YES;
				CLANG_WARN_CONSTANT_CONVERSION = YES;
				CLANG_WARN_DIRECT_OBJC_ISA_USAGE = YES_ERROR;
				CLANG_WARN_EMPTY_BODY = YES;
				CLANG_WARN_ENUM_CONVERSION = YES;
				CLANG_WARN_INT_CONVERSION = YES;
				CLANG_WARN_OBJC_ROOT_CLASS = YES_ERROR;
				CLANG_WARN_UNREACHABLE_CODE = YES;
				CLANG_WARN__DUPLICATE_METHOD_MATCH = YES;
				"CODE_SIGN_IDENTITY[sdk=iphoneos*]" = "iPhone Developer";
				COPY_PHASE_STRIP = NO;
				DEBUG_INFORMATION_FORMAT = dwarf;
				ENABLE_STRICT_OBJC_MSGSEND = YES;
				ENABLE_TESTABILITY = YES;
				GCC_C_LANGUAGE_STANDARD = gnu99;
				GCC_DYNAMIC_NO_PIC = NO;
				GCC_NO_COMMON_BLOCKS = YES;
				GCC_OPTIMIZATION_LEVEL = 0;
				GCC_PREPROCESSOR_DEFINITIONS = (
					"DEBUG=1",
					"$(inherited)",
				);
				GCC_WARN_64_TO_32_BIT_CONVERSION = YES;
				GCC_WARN_ABOUT_RETURN_TYPE = YES_ERROR;
				GCC_WARN_UNDECLARED_SELECTOR = YES;
				GCC_WARN_UNINITIALIZED_AUTOS = YES_AGGRESSIVE;
				GCC_WARN_UNUSED_FUNCTION = YES;
				GCC_WARN_UNUSED_VARIABLE = YES;
				IPHONEOS_DEPLOYMENT_TARGET = 9.3;
				MTL_ENABLE_DEBUG_INFO = YES;
				ONLY_ACTIVE_ARCH = YES;
				SDKROOT = iphoneos;
			};
			name = Debug;
		};
		CCDA02571D5DB1F20077C59B /* Release */ = {
			isa = XCBuildConfiguration;
			buildSettings = {
				ALWAYS_SEARCH_USER_PATHS = NO;
				CLANG_ANALYZER_NONNULL = YES;
				CLANG_CXX_LANGUAGE_STANDARD = "gnu++0x";
				CLANG_CXX_LIBRARY = "libc++";
				CLANG_ENABLE_MODULES = YES;
				CLANG_ENABLE_OBJC_ARC = YES;
				CLANG_WARN_BOOL_CONVERSION = YES;
				CLANG_WARN_CONSTANT_CONVERSION = YES;
				CLANG_WARN_DIRECT_OBJC_ISA_USAGE = YES_ERROR;
				CLANG_WARN_EMPTY_BODY = YES;
				CLANG_WARN_ENUM_CONVERSION = YES;
				CLANG_WARN_INT_CONVERSION = YES;
				CLANG_WARN_OBJC_ROOT_CLASS = YES_ERROR;
				CLANG_WARN_UNREACHABLE_CODE = YES;
				CLANG_WARN__DUPLICATE_METHOD_MATCH = YES;
				"CODE_SIGN_IDENTITY[sdk=iphoneos*]" = "iPhone Developer";
				COPY_PHASE_STRIP = NO;
				DEBUG_INFORMATION_FORMAT = "dwarf-with-dsym";
				ENABLE_NS_ASSERTIONS = NO;
				ENABLE_STRICT_OBJC_MSGSEND = YES;
				GCC_C_LANGUAGE_STANDARD = gnu99;
				GCC_NO_COMMON_BLOCKS = YES;
				GCC_WARN_64_TO_32_BIT_CONVERSION = YES;
				GCC_WARN_ABOUT_RETURN_TYPE = YES_ERROR;
				GCC_WARN_UNDECLARED_SELECTOR = YES;
				GCC_WARN_UNINITIALIZED_AUTOS = YES_AGGRESSIVE;
				GCC_WARN_UNUSED_FUNCTION = YES;
				GCC_WARN_UNUSED_VARIABLE = YES;
				IPHONEOS_DEPLOYMENT_TARGET = 9.3;
				MTL_ENABLE_DEBUG_INFO = NO;
				SDKROOT = iphoneos;
				VALIDATE_PRODUCT = YES;
			};
			name = Release;
		};
		CCDA02591D5DB1F20077C59B /* Debug */ = {
			isa = XCBuildConfiguration;
			buildSettings = {
				ASSETCATALOG_COMPILER_APPICON_NAME = AppIcon;
				INFOPLIST_FILE = "07绘制图片/Info.plist";
				LD_RUNPATH_SEARCH_PATHS = "$(inherited) @executable_path/Frameworks";
				PRODUCT_BUNDLE_IDENTIFIER = "com.Qingyun.-7----";
				PRODUCT_NAME = "$(TARGET_NAME)";
			};
			name = Debug;
		};
		CCDA025A1D5DB1F20077C59B /* Release */ = {
			isa = XCBuildConfiguration;
			buildSettings = {
				ASSETCATALOG_COMPILER_APPICON_NAME = AppIcon;
				INFOPLIST_FILE = "07绘制图片/Info.plist";
				LD_RUNPATH_SEARCH_PATHS = "$(inherited) @executable_path/Frameworks";
				PRODUCT_BUNDLE_IDENTIFIER = "com.Qingyun.-7----";
				PRODUCT_NAME = "$(TARGET_NAME)";
			};
			name = Release;
		};
/* End XCBuildConfiguration section */

/* Begin XCConfigurationList section */
		CCDA023C1D5DB1F20077C59B /* Build configuration list for PBXProject "07绘制图片" */ = {
			isa = XCConfigurationList;
			buildConfigurations = (
				CCDA02561D5DB1F20077C59B /* Debug */,
				CCDA02571D5DB1F20077C59B /* Release */,
			);
			defaultConfigurationIsVisible = 0;
			defaultConfigurationName = Release;
		};
		CCDA02581D5DB1F20077C59B /* Build configuration list for PBXNativeTarget "07绘制图片" */ = {
			isa = XCConfigurationList;
			buildConfigurations = (
				CCDA02591D5DB1F20077C59B /* Debug */,
				CCDA025A1D5DB1F20077C59B /* Release */,
			);
			defaultConfigurationIsVisible = 0;
		};
/* End XCConfigurationList section */
	};
	rootObject = CCDA02391D5DB1F20077C59B /* Project object */;
}
