// !$*UTF8*$!
{
	archiveVersion = 1;
	classes = {
	};
	objectVersion = 46;
	objects = {

/* Begin PBXBuildFile section */
		CCDA026B1D5DB84E0077C59B /* main.m in Sources */ = {isa = PBXBuildFile; fileRef = CCDA026A1D5DB84E0077C59B /* main.m */; };
		CCDA026E1D5DB84E0077C59B /* AppDelegate.m in Sources */ = {isa = PBXBuildFile; fileRef = CCDA026D1D5DB84E0077C59B /* AppDelegate.m */; };
		CCDA02711D5DB84E0077C59B /* ViewController.m in Sources */ = {isa = PBXBuildFile; fileRef = CCDA02701D5DB84E0077C59B /* ViewController.m */; };
		CCDA02741D5DB84E0077C59B /* Main.storyboard in Resources */ = {isa = PBXBuildFile; fileRef = CCDA02721D5DB84E0077C59B /* Main.storyboard */; };
		CCDA02761D5DB84E0077C59B /* Assets.xcassets in Resources */ = {isa = PBXBuildFile; fileRef = CCDA02751D5DB84E0077C59B /* Assets.xcassets */; };
		CCDA02791D5DB84E0077C59B /* LaunchScreen.storyboard in Resources */ = {isa = PBXBuildFile; fileRef = CCDA02771D5DB84E0077C59B /* LaunchScreen.storyboard */; };
/* End PBXBuildFile section */

/* Begin PBXFileReference section */
		CCDA02661D5DB84E0077C59B /* 08绘制图片.app */ = {isa = PBXFileReference; explicitFileType = wrapper.application; includeInIndex = 0; path = "08绘制图片.app"; sourceTree = BUILT_PRODUCTS_DIR; };
		CCDA026A1D5DB84E0077C59B /* main.m */ = {isa = PBXFileReference; lastKnownFileType = sourcecode.c.objc; path = main.m; sourceTree = "<group>"; };
		CCDA026C1D5DB84E0077C59B /* AppDelegate.h */ = {isa = PBXFileReference; lastKnownFileType = sourcecode.c.h; path = AppDelegate.h; sourceTree = "<group>"; };
		CCDA026D1D5DB84E0077C59B /* AppDelegate.m */ = {isa = PBXFileReference; lastKnownFileType = sourcecode.c.objc; path = AppDelegate.m; sourceTree = "<group>"; };
		CCDA026F1D5DB84E0077C59B /* ViewController.h */ = {isa = PBXFileReference; lastKnownFileType = sourcecode.c.h; path = ViewController.h; sourceTree = "<group>"; };
		CCDA02701D5DB84E0077C59B /* ViewController.m */ = {isa = PBXFileReference; lastKnownFileType = sourcecode.c.objc; path = ViewController.m; sourceTree = "<group>"; };
		CCDA02731D5DB84E0077C59B /* Base */ = {isa = PBXFileReference; lastKnownFileType = file.storyboard; name = Base; path = Base.lproj/Main.storyboard; sourceTree = "<group>"; };
		CCDA02751D5DB84E0077C59B /* Assets.xcassets */ = {isa = PBXFileReference; lastKnownFileType = folder.assetcatalog; path = Assets.xcassets; sourceTree = "<group>"; };
		CCDA02781D5DB84E0077C59B /* Base */ = {isa = PBXFileReference; lastKnownFileType = file.storyboard; name = Base; path = Base.lproj/LaunchScreen.storyboard; sourceTree = "<group>"; };
		CCDA027A1D5DB84E0077C59B /* Info.plist */ = {isa = PBXFileReference; lastKnownFileType = text.plist.xml; path = Info.plist; sourceTree = "<group>"; };
/* End PBXFileReference section */

/* Begin PBXFrameworksBuildPhase section */
		CCDA02631D5DB84E0077C59B /* Frameworks */ = {
			isa = PBXFrameworksBuildPhase;
			buildActionMask = 2147483647;
			files = (
			);
			runOnlyForDeploymentPostprocessing = 0;
		};
/* End PBXFrameworksBuildPhase section */

/* Begin PBXGroup section */
		CCDA025D1D5DB84E0077C59B = {
			isa = PBXGroup;
			children = (
				CCDA02681D5DB84E0077C59B /* 08绘制图片 */,
				CCDA02671D5DB84E0077C59B /* Products */,
			);
			sourceTree = "<group>";
		};
		CCDA02671D5DB84E0077C59B /* Products */ = {
			isa = PBXGroup;
			children = (
				CCDA02661D5DB84E0077C59B /* 08绘制图片.app */,
			);
			name = Products;
			sourceTree = "<group>";
		};
		CCDA02681D5DB84E0077C59B /* 08绘制图片 */ = {
			isa = PBXGroup;
			children = (
				CCDA026C1D5DB84E0077C59B /* AppDelegate.h */,
				CCDA026D1D5DB84E0077C59B /* AppDelegate.m */,
				CCDA026F1D5DB84E0077C59B /* ViewController.h */,
				CCDA02701D5DB84E0077C59B /* ViewController.m */,
				CCDA02721D5DB84E0077C59B /* Main.storyboard */,
				CCDA02751D5DB84E0077C59B /* Assets.xcassets */,
				CCDA02771D5DB84E0077C59B /* LaunchScreen.storyboard */,
				CCDA027A1D5DB84E0077C59B /* Info.plist */,
				CCDA02691D5DB84E0077C59B /* Supporting Files */,
			);
			path = "08绘制图片";
			sourceTree = "<group>";
		};
		CCDA02691D5DB84E0077C59B /* Supporting Files */ = {
			isa = PBXGroup;
			children = (
				CCDA026A1D5DB84E0077C59B /* main.m */,
			);
			name = "Supporting Files";
			sourceTree = "<group>";
		};
/* End PBXGroup section */

/* Begin PBXNativeTarget section */
		CCDA02651D5DB84E0077C59B /* 08绘制图片 */ = {
			isa = PBXNativeTarget;
			buildConfigurationList = CCDA027D1D5DB84E0077C59B /* Build configuration list for PBXNativeTarget "08绘制图片" */;
			buildPhases = (
				CCDA02621D5DB84E0077C59B /* Sources */,
				CCDA02631D5DB84E0077C59B /* Frameworks */,
				CCDA02641D5DB84E0077C59B /* Resources */,
			);
			buildRules = (
			);
			dependencies = (
			);
			name = "08绘制图片";
			productName = "08绘制图片";
			productReference = CCDA02661D5DB84E0077C59B /* 08绘制图片.app */;
			productType = "com.apple.product-type.application";
		};
/* End PBXNativeTarget section */

/* Begin PBXProject section */
		CCDA025E1D5DB84E0077C59B /* Project object */ = {
			isa = PBXProject;
			attributes = {
				LastUpgradeCheck = 0730;
				ORGANIZATIONNAME = QingYun;
				TargetAttributes = {
					CCDA02651D5DB84E0077C59B = {
						CreatedOnToolsVersion = 7.3;
					};
				};
			};
			buildConfigurationList = CCDA02611D5DB84E0077C59B /* Build configuration list for PBXProject "08绘制图片" */;
			compatibilityVersion = "Xcode 3.2";
			developmentRegion = English;
			hasScannedForEncodings = 0;
			knownRegions = (
				en,
				Base,
			);
			mainGroup = CCDA025D1D5DB84E0077C59B;
			productRefGroup = CCDA02671D5DB84E0077C59B /* Products */;
			projectDirPath = "";
			projectRoot = "";
			targets = (
				CCDA02651D5DB84E0077C59B /* 08绘制图片 */,
			);
		};
/* End PBXProject section */

/* Begin PBXResourcesBuildPhase section */
		CCDA02641D5DB84E0077C59B /* Resources */ = {
			isa = PBXResourcesBuildPhase;
			buildActionMask = 2147483647;
			files = (
				CCDA02791D5DB84E0077C59B /* LaunchScreen.storyboard in Resources */,
				CCDA02761D5DB84E0077C59B /* Assets.xcassets in Resources */,
				CCDA02741D5DB84E0077C59B /* Main.storyboard in Resources */,
			);
			runOnlyForDeploymentPostprocessing = 0;
		};
/* End PBXResourcesBuildPhase section */

/* Begin PBXSourcesBuildPhase section */
		CCDA02621D5DB84E0077C59B /* Sources */ = {
			isa = PBXSourcesBuildPhase;
			buildActionMask = 2147483647;
			files = (
				CCDA02711D5DB84E0077C59B /* ViewController.m in Sources */,
				CCDA026E1D5DB84E0077C59B /* AppDelegate.m in Sources */,
				CCDA026B1D5DB84E0077C59B /* main.m in Sources */,
			);
			runOnlyForDeploymentPostprocessing = 0;
		};
/* End PBXSourcesBuildPhase section */

/* Begin PBXVariantGroup section */
		CCDA02721D5DB84E0077C59B /* Main.storyboard */ = {
			isa = PBXVariantGroup;
			children = (
				CCDA02731D5DB84E0077C59B /* Base */,
			);
			name = Main.storyboard;
			sourceTree = "<group>";
		};
		CCDA02771D5DB84E0077C59B /* LaunchScreen.storyboard */ = {
			isa = PBXVariantGroup;
			children = (
				CCDA02781D5DB84E0077C59B /* Base */,
			);
			name = LaunchScreen.storyboard;
			sourceTree = "<group>";
		};
/* End PBXVariantGroup section */

/* Begin XCBuildConfiguration section */
		CCDA027B1D5DB84E0077C59B /* Debug */ = {
			isa = XCBuildConfiguration;
			buildSettings = {
				ALWAYS_SEARCH_USER_PATHS = NO;
				CLANG_ANALYZER_NONNULL = YES;
				CLANG_CXX_LANGUAGE_STANDARD = "gnu++0x";
				CLANG_CXX_LIBRARY = "libc++";
				CLANG_ENABLE_MODULES = YES;
				CLANG_ENABLE_OBJC_ARC = YES;
				CLANG_WARN_BOOL_CONVERSION = YES;
				CLANG_WARN_CONSTANT_CONVERSION = YES;
				CLANG_WARN_DIRECT_OBJC_ISA_USAGE = YES_ERROR;
				CLANG_WARN_EMPTY_BODY = YES;
				CLANG_WARN_ENUM_CONVERSION = YES;
				CLANG_WARN_INT_CONVERSION = YES;
				CLANG_WARN_OBJC_ROOT_CLASS = YES_ERROR;
				CLANG_WARN_UNREACHABLE_CODE = YES;
				CLANG_WARN__DUPLICATE_METHOD_MATCH = YES;
				"CODE_SIGN_IDENTITY[sdk=iphoneos*]" = "iPhone Developer";
				COPY_PHASE_STRIP = NO;
				DEBUG_INFORMATION_FORMAT = dwarf;
				ENABLE_STRICT_OBJC_MSGSEND = YES;
				ENABLE_TESTABILITY = YES;
				GCC_C_LANGUAGE_STANDARD = gnu99;
				GCC_DYNAMIC_NO_PIC = NO;
				GCC_NO_COMMON_BLOCKS = YES;
				GCC_OPTIMIZATION_LEVEL = 0;
				GCC_PREPROCESSOR_DEFINITIONS = (
					"DEBUG=1",
					"$(inherited)",
				);
				GCC_WARN_64_TO_32_BIT_CONVERSION = YES;
				GCC_WARN_ABOUT_RETURN_TYPE = YES_ERROR;
				GCC_WARN_UNDECLARED_SELECTOR = YES;
				GCC_WARN_UNINITIALIZED_AUTOS = YES_AGGRESSIVE;
				GCC_WARN_UNUSED_FUNCTION = YES;
				GCC_WARN_UNUSED_VARIABLE = YES;
				IPHONEOS_DEPLOYMENT_TARGET = 9.3;
				MTL_ENABLE_DEBUG_INFO = YES;
				ONLY_ACTIVE_ARCH = YES;
				SDKROOT = iphoneos;
			};
			name = Debug;
		};
		CCDA027C1D5DB84E0077C59B /* Release */ = {
			isa = XCBuildConfiguration;
			buildSettings = {
				ALWAYS_SEARCH_USER_PATHS = NO;
				CLANG_ANALYZER_NONNULL = YES;
				CLANG_CXX_LANGUAGE_STANDARD = "gnu++0x";
				CLANG_CXX_LIBRARY = "libc++";
				CLANG_ENABLE_MODULES = YES;
				CLANG_ENABLE_OBJC_ARC = YES;
				CLANG_WARN_BOOL_CONVERSION = YES;
				CLANG_WARN_CONSTANT_CONVERSION = YES;
				CLANG_WARN_DIRECT_OBJC_ISA_USAGE = YES_ERROR;
				CLANG_WARN_EMPTY_BODY = YES;
				CLANG_WARN_ENUM_CONVERSION = YES;
				CLANG_WARN_INT_CONVERSION = YES;
				CLANG_WARN_OBJC_ROOT_CLASS = YES_ERROR;
				CLANG_WARN_UNREACHABLE_CODE = YES;
				CLANG_WARN__DUPLICATE_METHOD_MATCH = YES;
				"CODE_SIGN_IDENTITY[sdk=iphoneos*]" = "iPhone Developer";
				COPY_PHASE_STRIP = NO;
				DEBUG_INFORMATION_FORMAT = "dwarf-with-dsym";
				ENABLE_NS_ASSERTIONS = NO;
				ENABLE_STRICT_OBJC_MSGSEND = YES;
				GCC_C_LANGUAGE_STANDARD = gnu99;
				GCC_NO_COMMON_BLOCKS = YES;
				GCC_WARN_64_TO_32_BIT_CONVERSION = YES;
				GCC_WARN_ABOUT_RETURN_TYPE = YES_ERROR;
				GCC_WARN_UNDECLARED_SELECTOR = YES;
				GCC_WARN_UNINITIALIZED_AUTOS = YES_AGGRESSIVE;
				GCC_WARN_UNUSED_FUNCTION = YES;
				GCC_WARN_UNUSED_VARIABLE = YES;
				IPHONEOS_DEPLOYMENT_TARGET = 9.3;
				MTL_ENABLE_DEBUG_INFO = NO;
				SDKROOT = iphoneos;
				VALIDATE_PRODUCT = YES;
			};
			name = Release;
		};
		CCDA027E1D5DB84E0077C59B /* Debug */ = {
			isa = XCBuildConfiguration;
			buildSettings = {
				ASSETCATALOG_COMPILER_APPICON_NAME = AppIcon;
				INFOPLIST_FILE = "08绘制图片/Info.plist";
				LD_RUNPATH_SEARCH_PATHS = "$(inherited) @executable_path/Frameworks";
				PRODUCT_BUNDLE_IDENTIFIER = "com.Qingyun.-8----";
				PRODUCT_NAME = "$(TARGET_NAME)";
			};
			name = Debug;
		};
		CCDA027F1D5DB84E0077C59B /* Release */ = {
			isa = XCBuildConfiguration;
			buildSettings = {
				ASSETCATALOG_COMPILER_APPICON_NAME = AppIcon;
				INFOPLIST_FILE = "08绘制图片/Info.plist";
				LD_RUNPATH_SEARCH_PATHS = "$(inherited) @executable_path/Frameworks";
				PRODUCT_BUNDLE_IDENTIFIER = "com.Qingyun.-8----";
				PRODUCT_NAME = "$(TARGET_NAME)";
			};
			name = Release;
		};
/* End XCBuildConfiguration section */

/* Begin XCConfigurationList section */
		CCDA02611D5DB84E0077C59B /* Build configuration list for PBXProject "08绘制图片" */ = {
			isa = XCConfigurationList;
			buildConfigurations = (
				CCDA027B1D5DB84E0077C59B /* Debug */,
				CCDA027C1D5DB84E0077C59B /* Release */,
			);
			defaultConfigurationIsVisible = 0;
			defaultConfigurationName = Release;
		};
		CCDA027D1D5DB84E0077C59B /* Build configuration list for PBXNativeTarget "08绘制图片" */ = {
			isa = XCConfigurationList;
			buildConfigurations = (
				CCDA027E1D5DB84E0077C59B /* Debug */,
				CCDA027F1D5DB84E0077C59B /* Release */,
			);
			defaultConfigurationIsVisible = 0;
		};
/* End XCConfigurationList section */
	};
	rootObject = CCDA025E1D5DB84E0077C59B /* Project object */;
}
